
Microsoft Visual Studio Solution File, Format Version 12.00
# Visual Studio 15
VisualStudioVersion = 15.0.26730.15
MinimumVisualStudioVersion = 10.0.40219.1
Project("{FAE04EC0-301F-11D3-BF4B-00C04F79EFBC}") = "sc00-CashConverter", "sc00-CashConverter\sc00-CashConverter.csproj", "{EBC12E4D-84AF-4DA6-8236-16BF1D10B6EC}"
EndProject
Global
	GlobalSection(SolutionConfigurationPlatforms) = preSolution
		Debug|Any CPU = Debug|Any CPU
		Release|Any CPU = Release|Any CPU
	EndGlobalSection
	GlobalSection(ProjectConfigurationPlatforms) = postSolution
		{EBC12E4D-84AF-4DA6-8236-16BF1D10B6EC}.Debug|Any CPU.ActiveCfg = Debug|Any CPU
		{EBC12E4D-84AF-4DA6-8236-16BF1D10B6EC}.Debug|Any CPU.Build.0 = Debug|Any CPU
		{EBC12E4D-84AF-4DA6-8236-16BF1D10B6EC}.Debug|Any CPU.Deploy.0 = Debug|Any CPU
		{EBC12E4D-84AF-4DA6-8236-16BF1D10B6EC}.Release|Any CPU.ActiveCfg = Release|Any CPU
		{EBC12E4D-84AF-4DA6-8236-16BF1D10B6EC}.Release|Any CPU.Build.0 = Release|Any CPU
		{EBC12E4D-84AF-4DA6-8236-16BF1D10B6EC}.Release|Any CPU.Deploy.0 = Release|Any CPU
	EndGlobalSection
	GlobalSection(SolutionProperties) = preSolution
		HideSolutionNode = FALSE
	EndGlobalSection
	GlobalSection(ExtensibilityGlobals) = postSolution
		SolutionGuid = {4CE7C1DF-FA2A-46F1-8979-82D76628C447}
	EndGlobalSection
EndGlobal
